
Microsoft Visual Studio Solution File, Format Version 12.00
# Visual Studio Version 17
VisualStudioVersion = 17.8.34330.188
MinimumVisualStudioVersion = 10.0.40219.1
Project("{9A19103F-16F7-4668-BE54-9A1E7A4F7556}") = "Common.KrediPortal", "Common.KrediPortal\Common.KrediPortal.csproj", "{27649902-357E-4776-86BF-A4694E0E1F6A}"
EndProject
Project("{9A19103F-16F7-4668-BE54-9A1E7A4F7556}") = "Service.KrediPortal", "Service.KrediPortal\Service.KrediPortal.csproj", "{6B67DAA8-A0BB-4B84-AE66-07B0CC3A5357}"
EndProject
Project("{9A19103F-16F7-4668-BE54-9A1E7A4F7556}") = "DataLayer.KrediPortal", "DataLayer.KrediPortal\DataLayer.KrediPortal.csproj", "{0D43004C-54DB-4091-937F-7D6926ED9468}"
EndProject
Project("{9A19103F-16F7-4668-BE54-9A1E7A4F7556}") = "KrediHesaplaApi", "KrediHesaplaApi\KrediHesaplaApi.csproj", "{95025864-DE8B-4DBD-A34D-16E3308D0431}"
EndProject
Project("{9A19103F-16F7-4668-BE54-9A1E7A4F7556}") = "Consumer", "Consumer\Consumer.csproj", "{A21C04E4-2016-4B8F-B148-96BB0FFF3555}"
EndProject
Project("{9A19103F-16F7-4668-BE54-9A1E7A4F7556}") = "Publisher", "Publisher\Publisher.csproj", "{97AB9BA2-924B-4118-A280-0DA6089E2759}"
EndProject
Global
	GlobalSection(SolutionConfigurationPlatforms) = preSolution
		Debug|Any CPU = Debug|Any CPU
		Release|Any CPU = Release|Any CPU
	EndGlobalSection
	GlobalSection(ProjectConfigurationPlatforms) = postSolution
		{27649902-357E-4776-86BF-A4694E0E1F6A}.Debug|Any CPU.ActiveCfg = Debug|Any CPU
		{27649902-357E-4776-86BF-A4694E0E1F6A}.Debug|Any CPU.Build.0 = Debug|Any CPU
		{27649902-357E-4776-86BF-A4694E0E1F6A}.Release|Any CPU.ActiveCfg = Release|Any CPU
		{27649902-357E-4776-86BF-A4694E0E1F6A}.Release|Any CPU.Build.0 = Release|Any CPU
		{6B67DAA8-A0BB-4B84-AE66-07B0CC3A5357}.Debug|Any CPU.ActiveCfg = Debug|Any CPU
		{6B67DAA8-A0BB-4B84-AE66-07B0CC3A5357}.Debug|Any CPU.Build.0 = Debug|Any CPU
		{6B67DAA8-A0BB-4B84-AE66-07B0CC3A5357}.Release|Any CPU.ActiveCfg = Release|Any CPU
		{6B67DAA8-A0BB-4B84-AE66-07B0CC3A5357}.Release|Any CPU.Build.0 = Release|Any CPU
		{0D43004C-54DB-4091-937F-7D6926ED9468}.Debug|Any CPU.ActiveCfg = Debug|Any CPU
		{0D43004C-54DB-4091-937F-7D6926ED9468}.Debug|Any CPU.Build.0 = Debug|Any CPU
		{0D43004C-54DB-4091-937F-7D6926ED9468}.Release|Any CPU.ActiveCfg = Release|Any CPU
		{0D43004C-54DB-4091-937F-7D6926ED9468}.Release|Any CPU.Build.0 = Release|Any CPU
		{95025864-DE8B-4DBD-A34D-16E3308D0431}.Debug|Any CPU.ActiveCfg = Debug|Any CPU
		{95025864-DE8B-4DBD-A34D-16E3308D0431}.Debug|Any CPU.Build.0 = Debug|Any CPU
		{95025864-DE8B-4DBD-A34D-16E3308D0431}.Release|Any CPU.ActiveCfg = Release|Any CPU
		{95025864-DE8B-4DBD-A34D-16E3308D0431}.Release|Any CPU.Build.0 = Release|Any CPU
		{A21C04E4-2016-4B8F-B148-96BB0FFF3555}.Debug|Any CPU.ActiveCfg = Debug|Any CPU
		{A21C04E4-2016-4B8F-B148-96BB0FFF3555}.Debug|Any CPU.Build.0 = Debug|Any CPU
		{A21C04E4-2016-4B8F-B148-96BB0FFF3555}.Release|Any CPU.ActiveCfg = Release|Any CPU
		{A21C04E4-2016-4B8F-B148-96BB0FFF3555}.Release|Any CPU.Build.0 = Release|Any CPU
		{97AB9BA2-924B-4118-A280-0DA6089E2759}.Debug|Any CPU.ActiveCfg = Debug|Any CPU
		{97AB9BA2-924B-4118-A280-0DA6089E2759}.Debug|Any CPU.Build.0 = Debug|Any CPU
		{97AB9BA2-924B-4118-A280-0DA6089E2759}.Release|Any CPU.ActiveCfg = Release|Any CPU
		{97AB9BA2-924B-4118-A280-0DA6089E2759}.Release|Any CPU.Build.0 = Release|Any CPU
	EndGlobalSection
	GlobalSection(SolutionProperties) = preSolution
		HideSolutionNode = FALSE
	EndGlobalSection
	GlobalSection(ExtensibilityGlobals) = postSolution
		SolutionGuid = {0ADABE4B-E741-4B37-B1A9-0AE59C3D56B1}
	EndGlobalSection
EndGlobal
